
Microsoft Visual Studio Solution File, Format Version 12.00
Project("{FAE04EC0-301F-11D3-BF4B-00C04F79EFBC}") = "FaceRegPipeline", "FaceRegPipeline\FaceRegPipeline.csproj", "{70BE8C8A-EFC8-4E64-BB5C-0C8FCF9381A5}"
EndProject
Global
	GlobalSection(SolutionConfigurationPlatforms) = preSolution
		Release|x64 = Release|x64
		Debug|x64 = Debug|x64
	EndGlobalSection
	GlobalSection(ProjectConfigurationPlatforms) = postSolution
		{70BE8C8A-EFC8-4E64-BB5C-0C8FCF9381A5}.Release|x64.ActiveCfg = Release|x64
		{70BE8C8A-EFC8-4E64-BB5C-0C8FCF9381A5}.Release|x64.Build.0 = Release|x64
		{70BE8C8A-EFC8-4E64-BB5C-0C8FCF9381A5}.Debug|x64.ActiveCfg = Debug|x64
		{70BE8C8A-EFC8-4E64-BB5C-0C8FCF9381A5}.Debug|x64.Build.0 = Debug|x64
	EndGlobalSection
EndGlobal
